
Microsoft Visual Studio Solution File, Format Version 12.00
# Visual Studio Version 17
VisualStudioVersion = 17.5.33530.505
MinimumVisualStudioVersion = 10.0.40219.1
Project("{8BC9CEB8-8B4A-11D0-8D11-00A0C91BC942}") = "code", "code.vcxproj", "{F44AB0DE-BFDF-4A27-8500-82EAC8C946D2}"
EndProject
Global
	GlobalSection(SolutionConfigurationPlatforms) = preSolution
		Debug|x64 = Debug|x64
		Debug|x86 = Debug|x86
		Release|x64 = Release|x64
		Release|x86 = Release|x86
	EndGlobalSection
	GlobalSection(ProjectConfigurationPlatforms) = postSolution
		{F44AB0DE-BFDF-4A27-8500-82EAC8C946D2}.Debug|x64.ActiveCfg = Debug|x64
		{F44AB0DE-BFDF-4A27-8500-82EAC8C946D2}.Debug|x64.Build.0 = Debug|x64
		{F44AB0DE-BFDF-4A27-8500-82EAC8C946D2}.Debug|x86.ActiveCfg = Debug|Win32
		{F44AB0DE-BFDF-4A27-8500-82EAC8C946D2}.Debug|x86.Build.0 = Debug|Win32
		{F44AB0DE-BFDF-4A27-8500-82EAC8C946D2}.Release|x64.ActiveCfg = Release|x64
		{F44AB0DE-BFDF-4A27-8500-82EAC8C946D2}.Release|x64.Build.0 = Release|x64
		{F44AB0DE-BFDF-4A27-8500-82EAC8C946D2}.Release|x86.ActiveCfg = Release|Win32
		{F44AB0DE-BFDF-4A27-8500-82EAC8C946D2}.Release|x86.Build.0 = Release|Win32
	EndGlobalSection
	GlobalSection(SolutionProperties) = preSolution
		HideSolutionNode = FALSE
	EndGlobalSection
	GlobalSection(ExtensibilityGlobals) = postSolution
		SolutionGuid = {953BF92A-8390-4B2B-B789-457F8CE65805}
	EndGlobalSection
EndGlobal
